
Microsoft Visual Studio Solution File, Format Version 12.00
# Visual Studio 15
VisualStudioVersion = 15.0.27130.2036
MinimumVisualStudioVersion = 10.0.40219.1
Project("{2150E333-8FDC-42A3-9474-1A3956D46DE8}") = "1. Presentacion", "1. Presentacion", "{F676EF50-E4F9-4283-AB0C-2EB3337D29CB}"
EndProject
Project("{9A19103F-16F7-4668-BE54-9A1E7A4F7556}") = "Prod.STD.Presentacion.MVC", "Prod.STD.Presentacion.MVC\Prod.STD.Presentacion.MVC.csproj", "{188E1D6B-EC24-430E-9FF1-258F4C353AC3}"
EndProject
Project("{2150E333-8FDC-42A3-9474-1A3956D46DE8}") = "2. Servicios", "2. Servicios", "{312C3D1C-6265-41AF-8FF7-51650CD7F409}"
EndProject
Project("{9A19103F-16F7-4668-BE54-9A1E7A4F7556}") = "Prod.STD.Entidades", "Prod.STD.Entidades\Prod.STD.Entidades.csproj", "{8D90E30B-48ED-4385-8134-C832F8DD16AD}"
EndProject
Project("{2150E333-8FDC-42A3-9474-1A3956D46DE8}") = "4. MapDB", "4. MapDB", "{A53686F6-3864-4EFF-AB69-5C5669501455}"
EndProject
Project("{2150E333-8FDC-42A3-9474-1A3956D46DE8}") = "3. Transversal", "3. Transversal", "{3ABE58D0-BC0D-4524-9184-76CAF72F095B}"
EndProject
Project("{9A19103F-16F7-4668-BE54-9A1E7A4F7556}") = "Prod.STD.Enumerados", "Prod.STD.Enumerados\Prod.STD.Enumerados.csproj", "{3B997B9E-2A3C-440D-9F92-3A1C6F0A6C4F}"
EndProject
Project("{2150E333-8FDC-42A3-9474-1A3956D46DE8}") = "Infraestructura", "Infraestructura", "{BF2DD6BC-9ED3-4E4A-8404-34EADAFA9F6F}"
EndProject
Project("{9A19103F-16F7-4668-BE54-9A1E7A4F7556}") = "Prod.STD.Datos", "Prod.STD.Datos\Prod.STD.Datos.csproj", "{F566BE6E-8A54-4DC1-A312-61C9080E1113}"
EndProject
Project("{FAE04EC0-301F-11D3-BF4B-00C04F79EFBC}") = "Prod.STD.Datos", "MapDB\Prod.STD.Datos\Prod.STD.Datos.csproj", "{6A1994EA-4481-49D6-9F99-F0D93C1B8D8E}"
EndProject
Project("{9A19103F-16F7-4668-BE54-9A1E7A4F7556}") = "Prod.STD.Presentacion.Configuracion", "Prod.STD.Presentacion.Configuracion\Prod.STD.Presentacion.Configuracion.csproj", "{CDB2A4BE-DAAE-4B0C-84AA-BE2158C44541}"
EndProject
Project("{2150E333-8FDC-42A3-9474-1A3956D46DE8}") = "CoreApi", "CoreApi", "{747D68D8-2E05-44F6-A538-646C9BF1375B}"
EndProject
Project("{9A19103F-16F7-4668-BE54-9A1E7A4F7556}") = "Prod.STD.Core", "Prod.STD.Core\Prod.STD.Core.csproj", "{C7D21D6B-AD44-4271-81DC-B018265BA78C}"
EndProject
Project("{9A19103F-16F7-4668-BE54-9A1E7A4F7556}") = "Prod.STD.Core.Api", "Prod.STD.Core.Api\Prod.STD.Core.Api.csproj", "{F13FD83C-B7B2-426C-86A3-679641CDCE18}"
EndProject
Project("{FAE04EC0-301F-11D3-BF4B-00C04F79EFBC}") = "Prod.STD.Enumerados", "MapDB\Prod.STD.Enumerados\Prod.STD.Enumerados.csproj", "{BF7CFFE9-9FC1-4C09-BF2F-7A603B19762F}"
EndProject
Project("{2150E333-8FDC-42A3-9474-1A3956D46DE8}") = "9. Reportes", "9. Reportes", "{5337B239-8F4B-4990-BE84-268332126483}"
EndProject
Project("{2150E333-8FDC-42A3-9474-1A3956D46DE8}") = "Comandos", "Comandos", "{59CC395C-AA8B-4FB6-B121-58D004E624C6}"
EndProject
Project("{2150E333-8FDC-42A3-9474-1A3956D46DE8}") = "Consultas", "Consultas", "{7890D319-6F7E-4C35-9D7F-526BB5DA18D1}"
EndProject
Project("{9A19103F-16F7-4668-BE54-9A1E7A4F7556}") = "Prod.STD.Consultas", "Prod.STD.Consultas\Prod.STD.Consultas.csproj", "{774B83B0-FABA-4063-BF8F-A5F51E59BD53}"
EndProject
Project("{9A19103F-16F7-4668-BE54-9A1E7A4F7556}") = "Prod.STD.Comandos", "Prod.STD.Comandos\Prod.STD.Comandos.csproj", "{B52E5CEF-C599-4BB1-8B74-EA723E0821BB}"
EndProject
Project("{F14B399A-7131-4C87-9E4B-1186C45EF12D}") = "Prod.STD.Reportes", "Prod.STD.Reportes\Prod.STD.Reportes.rptproj", "{1B01AC61-2062-4A96-AA4B-751E5FBDAD95}"
EndProject
Global
	GlobalSection(SolutionConfigurationPlatforms) = preSolution
		Debug|Any CPU = Debug|Any CPU
		DebugLocal|Any CPU = DebugLocal|Any CPU
		Release|Any CPU = Release|Any CPU
	EndGlobalSection
	GlobalSection(ProjectConfigurationPlatforms) = postSolution
		{188E1D6B-EC24-430E-9FF1-258F4C353AC3}.Debug|Any CPU.ActiveCfg = Debug|Any CPU
		{188E1D6B-EC24-430E-9FF1-258F4C353AC3}.Debug|Any CPU.Build.0 = Debug|Any CPU
		{188E1D6B-EC24-430E-9FF1-258F4C353AC3}.DebugLocal|Any CPU.ActiveCfg = Debug|Any CPU
		{188E1D6B-EC24-430E-9FF1-258F4C353AC3}.DebugLocal|Any CPU.Build.0 = Debug|Any CPU
		{188E1D6B-EC24-430E-9FF1-258F4C353AC3}.Release|Any CPU.ActiveCfg = Release|Any CPU
		{188E1D6B-EC24-430E-9FF1-258F4C353AC3}.Release|Any CPU.Build.0 = Release|Any CPU
		{8D90E30B-48ED-4385-8134-C832F8DD16AD}.Debug|Any CPU.ActiveCfg = Debug|Any CPU
		{8D90E30B-48ED-4385-8134-C832F8DD16AD}.Debug|Any CPU.Build.0 = Debug|Any CPU
		{8D90E30B-48ED-4385-8134-C832F8DD16AD}.DebugLocal|Any CPU.ActiveCfg = Debug|Any CPU
		{8D90E30B-48ED-4385-8134-C832F8DD16AD}.DebugLocal|Any CPU.Build.0 = Debug|Any CPU
		{8D90E30B-48ED-4385-8134-C832F8DD16AD}.Release|Any CPU.ActiveCfg = Release|Any CPU
		{8D90E30B-48ED-4385-8134-C832F8DD16AD}.Release|Any CPU.Build.0 = Release|Any CPU
		{3B997B9E-2A3C-440D-9F92-3A1C6F0A6C4F}.Debug|Any CPU.ActiveCfg = Debug|Any CPU
		{3B997B9E-2A3C-440D-9F92-3A1C6F0A6C4F}.Debug|Any CPU.Build.0 = Debug|Any CPU
		{3B997B9E-2A3C-440D-9F92-3A1C6F0A6C4F}.DebugLocal|Any CPU.ActiveCfg = Debug|Any CPU
		{3B997B9E-2A3C-440D-9F92-3A1C6F0A6C4F}.DebugLocal|Any CPU.Build.0 = Debug|Any CPU
		{3B997B9E-2A3C-440D-9F92-3A1C6F0A6C4F}.Release|Any CPU.ActiveCfg = Release|Any CPU
		{3B997B9E-2A3C-440D-9F92-3A1C6F0A6C4F}.Release|Any CPU.Build.0 = Release|Any CPU
		{F566BE6E-8A54-4DC1-A312-61C9080E1113}.Debug|Any CPU.ActiveCfg = Debug|Any CPU
		{F566BE6E-8A54-4DC1-A312-61C9080E1113}.Debug|Any CPU.Build.0 = Debug|Any CPU
		{F566BE6E-8A54-4DC1-A312-61C9080E1113}.DebugLocal|Any CPU.ActiveCfg = Debug|Any CPU
		{F566BE6E-8A54-4DC1-A312-61C9080E1113}.DebugLocal|Any CPU.Build.0 = Debug|Any CPU
		{F566BE6E-8A54-4DC1-A312-61C9080E1113}.Release|Any CPU.ActiveCfg = Release|Any CPU
		{F566BE6E-8A54-4DC1-A312-61C9080E1113}.Release|Any CPU.Build.0 = Release|Any CPU
		{6A1994EA-4481-49D6-9F99-F0D93C1B8D8E}.Debug|Any CPU.ActiveCfg = Debug|Any CPU
		{6A1994EA-4481-49D6-9F99-F0D93C1B8D8E}.Debug|Any CPU.Build.0 = Debug|Any CPU
		{6A1994EA-4481-49D6-9F99-F0D93C1B8D8E}.DebugLocal|Any CPU.ActiveCfg = Debug|Any CPU
		{6A1994EA-4481-49D6-9F99-F0D93C1B8D8E}.DebugLocal|Any CPU.Build.0 = Debug|Any CPU
		{6A1994EA-4481-49D6-9F99-F0D93C1B8D8E}.Release|Any CPU.ActiveCfg = Release|Any CPU
		{6A1994EA-4481-49D6-9F99-F0D93C1B8D8E}.Release|Any CPU.Build.0 = Release|Any CPU
		{CDB2A4BE-DAAE-4B0C-84AA-BE2158C44541}.Debug|Any CPU.ActiveCfg = Debug|Any CPU
		{CDB2A4BE-DAAE-4B0C-84AA-BE2158C44541}.Debug|Any CPU.Build.0 = Debug|Any CPU
		{CDB2A4BE-DAAE-4B0C-84AA-BE2158C44541}.DebugLocal|Any CPU.ActiveCfg = Debug|Any CPU
		{CDB2A4BE-DAAE-4B0C-84AA-BE2158C44541}.DebugLocal|Any CPU.Build.0 = Debug|Any CPU
		{CDB2A4BE-DAAE-4B0C-84AA-BE2158C44541}.Release|Any CPU.ActiveCfg = Release|Any CPU
		{CDB2A4BE-DAAE-4B0C-84AA-BE2158C44541}.Release|Any CPU.Build.0 = Release|Any CPU
		{C7D21D6B-AD44-4271-81DC-B018265BA78C}.Debug|Any CPU.ActiveCfg = Debug|Any CPU
		{C7D21D6B-AD44-4271-81DC-B018265BA78C}.Debug|Any CPU.Build.0 = Debug|Any CPU
		{C7D21D6B-AD44-4271-81DC-B018265BA78C}.DebugLocal|Any CPU.ActiveCfg = Debug|Any CPU
		{C7D21D6B-AD44-4271-81DC-B018265BA78C}.DebugLocal|Any CPU.Build.0 = Debug|Any CPU
		{C7D21D6B-AD44-4271-81DC-B018265BA78C}.Release|Any CPU.ActiveCfg = Release|Any CPU
		{C7D21D6B-AD44-4271-81DC-B018265BA78C}.Release|Any CPU.Build.0 = Release|Any CPU
		{F13FD83C-B7B2-426C-86A3-679641CDCE18}.Debug|Any CPU.ActiveCfg = Debug|Any CPU
		{F13FD83C-B7B2-426C-86A3-679641CDCE18}.Debug|Any CPU.Build.0 = Debug|Any CPU
		{F13FD83C-B7B2-426C-86A3-679641CDCE18}.DebugLocal|Any CPU.ActiveCfg = Debug|Any CPU
		{F13FD83C-B7B2-426C-86A3-679641CDCE18}.DebugLocal|Any CPU.Build.0 = Debug|Any CPU
		{F13FD83C-B7B2-426C-86A3-679641CDCE18}.Release|Any CPU.ActiveCfg = Release|Any CPU
		{F13FD83C-B7B2-426C-86A3-679641CDCE18}.Release|Any CPU.Build.0 = Release|Any CPU
		{BF7CFFE9-9FC1-4C09-BF2F-7A603B19762F}.Debug|Any CPU.ActiveCfg = Debug|Any CPU
		{BF7CFFE9-9FC1-4C09-BF2F-7A603B19762F}.Debug|Any CPU.Build.0 = Debug|Any CPU
		{BF7CFFE9-9FC1-4C09-BF2F-7A603B19762F}.DebugLocal|Any CPU.ActiveCfg = Debug|Any CPU
		{BF7CFFE9-9FC1-4C09-BF2F-7A603B19762F}.DebugLocal|Any CPU.Build.0 = Debug|Any CPU
		{BF7CFFE9-9FC1-4C09-BF2F-7A603B19762F}.Release|Any CPU.ActiveCfg = Release|Any CPU
		{BF7CFFE9-9FC1-4C09-BF2F-7A603B19762F}.Release|Any CPU.Build.0 = Release|Any CPU
		{774B83B0-FABA-4063-BF8F-A5F51E59BD53}.Debug|Any CPU.ActiveCfg = Debug|Any CPU
		{774B83B0-FABA-4063-BF8F-A5F51E59BD53}.Debug|Any CPU.Build.0 = Debug|Any CPU
		{774B83B0-FABA-4063-BF8F-A5F51E59BD53}.DebugLocal|Any CPU.ActiveCfg = Debug|Any CPU
		{774B83B0-FABA-4063-BF8F-A5F51E59BD53}.DebugLocal|Any CPU.Build.0 = Debug|Any CPU
		{774B83B0-FABA-4063-BF8F-A5F51E59BD53}.Release|Any CPU.ActiveCfg = Release|Any CPU
		{774B83B0-FABA-4063-BF8F-A5F51E59BD53}.Release|Any CPU.Build.0 = Release|Any CPU
		{B52E5CEF-C599-4BB1-8B74-EA723E0821BB}.Debug|Any CPU.ActiveCfg = Debug|Any CPU
		{B52E5CEF-C599-4BB1-8B74-EA723E0821BB}.Debug|Any CPU.Build.0 = Debug|Any CPU
		{B52E5CEF-C599-4BB1-8B74-EA723E0821BB}.DebugLocal|Any CPU.ActiveCfg = Debug|Any CPU
		{B52E5CEF-C599-4BB1-8B74-EA723E0821BB}.DebugLocal|Any CPU.Build.0 = Debug|Any CPU
		{B52E5CEF-C599-4BB1-8B74-EA723E0821BB}.Release|Any CPU.ActiveCfg = Release|Any CPU
		{B52E5CEF-C599-4BB1-8B74-EA723E0821BB}.Release|Any CPU.Build.0 = Release|Any CPU
		{1B01AC61-2062-4A96-AA4B-751E5FBDAD95}.Debug|Any CPU.ActiveCfg = Debug
		{1B01AC61-2062-4A96-AA4B-751E5FBDAD95}.Debug|Any CPU.Build.0 = Debug
		{1B01AC61-2062-4A96-AA4B-751E5FBDAD95}.Debug|Any CPU.Deploy.0 = Debug
		{1B01AC61-2062-4A96-AA4B-751E5FBDAD95}.DebugLocal|Any CPU.ActiveCfg = DebugLocal
		{1B01AC61-2062-4A96-AA4B-751E5FBDAD95}.DebugLocal|Any CPU.Build.0 = DebugLocal
		{1B01AC61-2062-4A96-AA4B-751E5FBDAD95}.DebugLocal|Any CPU.Deploy.0 = DebugLocal
		{1B01AC61-2062-4A96-AA4B-751E5FBDAD95}.Release|Any CPU.ActiveCfg = Release
		{1B01AC61-2062-4A96-AA4B-751E5FBDAD95}.Release|Any CPU.Build.0 = Release
		{1B01AC61-2062-4A96-AA4B-751E5FBDAD95}.Release|Any CPU.Deploy.0 = Release
	EndGlobalSection
	GlobalSection(SolutionProperties) = preSolution
		HideSolutionNode = FALSE
	EndGlobalSection
	GlobalSection(NestedProjects) = preSolution
		{188E1D6B-EC24-430E-9FF1-258F4C353AC3} = {F676EF50-E4F9-4283-AB0C-2EB3337D29CB}
		{8D90E30B-48ED-4385-8134-C832F8DD16AD} = {3ABE58D0-BC0D-4524-9184-76CAF72F095B}
		{3B997B9E-2A3C-440D-9F92-3A1C6F0A6C4F} = {3ABE58D0-BC0D-4524-9184-76CAF72F095B}
		{BF2DD6BC-9ED3-4E4A-8404-34EADAFA9F6F} = {747D68D8-2E05-44F6-A538-646C9BF1375B}
		{F566BE6E-8A54-4DC1-A312-61C9080E1113} = {BF2DD6BC-9ED3-4E4A-8404-34EADAFA9F6F}
		{6A1994EA-4481-49D6-9F99-F0D93C1B8D8E} = {A53686F6-3864-4EFF-AB69-5C5669501455}
		{CDB2A4BE-DAAE-4B0C-84AA-BE2158C44541} = {F676EF50-E4F9-4283-AB0C-2EB3337D29CB}
		{747D68D8-2E05-44F6-A538-646C9BF1375B} = {312C3D1C-6265-41AF-8FF7-51650CD7F409}
		{C7D21D6B-AD44-4271-81DC-B018265BA78C} = {747D68D8-2E05-44F6-A538-646C9BF1375B}
		{F13FD83C-B7B2-426C-86A3-679641CDCE18} = {747D68D8-2E05-44F6-A538-646C9BF1375B}
		{BF7CFFE9-9FC1-4C09-BF2F-7A603B19762F} = {A53686F6-3864-4EFF-AB69-5C5669501455}
		{59CC395C-AA8B-4FB6-B121-58D004E624C6} = {747D68D8-2E05-44F6-A538-646C9BF1375B}
		{7890D319-6F7E-4C35-9D7F-526BB5DA18D1} = {747D68D8-2E05-44F6-A538-646C9BF1375B}
		{774B83B0-FABA-4063-BF8F-A5F51E59BD53} = {7890D319-6F7E-4C35-9D7F-526BB5DA18D1}
		{B52E5CEF-C599-4BB1-8B74-EA723E0821BB} = {59CC395C-AA8B-4FB6-B121-58D004E624C6}
		{1B01AC61-2062-4A96-AA4B-751E5FBDAD95} = {5337B239-8F4B-4990-BE84-268332126483}
	EndGlobalSection
	GlobalSection(ExtensibilityGlobals) = postSolution
		SolutionGuid = {CA883AA9-35A3-48BC-B1F5-600DE5E2176F}
	EndGlobalSection
EndGlobal
