
Microsoft Visual Studio Solution File, Format Version 12.00
# Visual Studio 15
VisualStudioVersion = 15.0.27428.2027
MinimumVisualStudioVersion = 10.0.40219.1
Project("{FAE04EC0-301F-11D3-BF4B-00C04F79EFBC}") = "Prod.STD.Enumerados", "Prod.STD.Enumerados\Prod.STD.Enumerados.csproj", "{BF7CFFE9-9FC1-4C09-BF2F-7A603B19762F}"
EndProject
Project("{FAE04EC0-301F-11D3-BF4B-00C04F79EFBC}") = "Prod.STD.Datos", "Prod.STD.Datos\Prod.STD.Datos.csproj", "{6A1994EA-4481-49D6-9F99-F0D93C1B8D8E}"
EndProject
Project("{2150E333-8FDC-42A3-9474-1A3956D46DE8}") = "Datos", "Datos", "{ADC565F6-9A29-423D-95BC-E510549DE9C2}"
EndProject
Global
	GlobalSection(SolutionConfigurationPlatforms) = preSolution
		Debug|Any CPU = Debug|Any CPU
		Release|Any CPU = Release|Any CPU
	EndGlobalSection
	GlobalSection(ProjectConfigurationPlatforms) = postSolution
		{BF7CFFE9-9FC1-4C09-BF2F-7A603B19762F}.Debug|Any CPU.ActiveCfg = Debug|Any CPU
		{BF7CFFE9-9FC1-4C09-BF2F-7A603B19762F}.Debug|Any CPU.Build.0 = Debug|Any CPU
		{BF7CFFE9-9FC1-4C09-BF2F-7A603B19762F}.Release|Any CPU.ActiveCfg = Release|Any CPU
		{BF7CFFE9-9FC1-4C09-BF2F-7A603B19762F}.Release|Any CPU.Build.0 = Release|Any CPU
		{6A1994EA-4481-49D6-9F99-F0D93C1B8D8E}.Debug|Any CPU.ActiveCfg = Debug|Any CPU
		{6A1994EA-4481-49D6-9F99-F0D93C1B8D8E}.Debug|Any CPU.Build.0 = Debug|Any CPU
		{6A1994EA-4481-49D6-9F99-F0D93C1B8D8E}.Release|Any CPU.ActiveCfg = Release|Any CPU
		{6A1994EA-4481-49D6-9F99-F0D93C1B8D8E}.Release|Any CPU.Build.0 = Release|Any CPU
	EndGlobalSection
	GlobalSection(SolutionProperties) = preSolution
		HideSolutionNode = FALSE
	EndGlobalSection
	GlobalSection(NestedProjects) = preSolution
		{6A1994EA-4481-49D6-9F99-F0D93C1B8D8E} = {ADC565F6-9A29-423D-95BC-E510549DE9C2}
	EndGlobalSection
	GlobalSection(ExtensibilityGlobals) = postSolution
		SolutionGuid = {80B5DEBE-B2E4-4FA1-8752-0759BFFABD04}
	EndGlobalSection
EndGlobal
